github.com/armon/go-socks5 v0.0.0-20160902184237-e75332964ef5 h1:0CwZNZbxp69SHPdPJAN/hZIm0C4OItdklCFmMRWYpio=
github.com/armon/go-socks5 v0.0.0-20160902184237-e75332964ef5/go.mod h1:wHh0iHkYZB8zMSxRWpUBQtwG5a7fFgvEO+odwuTv2gs=
github.com/mccutchen/go-httpbin/v2 v2.5.3 h1:ObQZSSXqe+6BI/DeilqUV+CSeG50iTc8/H4WzZorZIo=
github.com/mccutchen/go-httpbin/v2 v2.5.3/go.mod h1:+DBHcmg6EOeoizuiOI8iL12VIHXx+9YQNlz+gjB9uxk=
golang.org/x/net v0.2.0 h1:sZfSu1wtKLGlWI4ZZayP0ck9Y73K1ynO6gqzTdBVdPU=
golang.org/x/net v0.2.0/go.mod h1:KqCZLdyyvdV855qA2rE3GC2aiw5xGR5TEjj8smXukLY=
